
Microsoft Visual Studio Solution File, Format Version 12.00
# Visual Studio Version 16
VisualStudioVersion = 16.0.30611.23
MinimumVisualStudioVersion = 10.0.40219.1
Project("{FAE04EC0-301F-11D3-BF4B-00C04F79EFBC}") = "Client", "Client\Client.csproj", "{315093ED-14FA-4D6D-80D9-95E58FE0DD8A}"
EndProject
Global
	GlobalSection(SolutionConfigurationPlatforms) = preSolution
		Debug|Any CPU = Debug|Any CPU
		Release|Any CPU = Release|Any CPU
	EndGlobalSection
	GlobalSection(ProjectConfigurationPlatforms) = postSolution
		{315093ED-14FA-4D6D-80D9-95E58FE0DD8A}.Debug|Any CPU.ActiveCfg = Debug|Any CPU
		{315093ED-14FA-4D6D-80D9-95E58FE0DD8A}.Debug|Any CPU.Build.0 = Debug|Any CPU
		{315093ED-14FA-4D6D-80D9-95E58FE0DD8A}.Release|Any CPU.ActiveCfg = Release|Any CPU
		{315093ED-14FA-4D6D-80D9-95E58FE0DD8A}.Release|Any CPU.Build.0 = Release|Any CPU
	EndGlobalSection
	GlobalSection(SolutionProperties) = preSolution
		HideSolutionNode = FALSE
	EndGlobalSection
	GlobalSection(ExtensibilityGlobals) = postSolution
		SolutionGuid = {58242F15-97F8-48CD-B355-93C6BE742ED2}
	EndGlobalSection
EndGlobal
