
Microsoft Visual Studio Solution File, Format Version 12.00
# Visual Studio Version 16
VisualStudioVersion = 16.0.30611.23
MinimumVisualStudioVersion = 10.0.40219.1
Project("{FAE04EC0-301F-11D3-BF4B-00C04F79EFBC}") = "EasySave V1.0", "EasySave V1.0\EasySave V1.0.csproj", "{6002EAFE-6582-4411-BD23-524DA6D270EB}"
EndProject
Global
	GlobalSection(SolutionConfigurationPlatforms) = preSolution
		Debug|Any CPU = Debug|Any CPU
		Release|Any CPU = Release|Any CPU
	EndGlobalSection
	GlobalSection(ProjectConfigurationPlatforms) = postSolution
		{6002EAFE-6582-4411-BD23-524DA6D270EB}.Debug|Any CPU.ActiveCfg = Debug|Any CPU
		{6002EAFE-6582-4411-BD23-524DA6D270EB}.Debug|Any CPU.Build.0 = Debug|Any CPU
		{6002EAFE-6582-4411-BD23-524DA6D270EB}.Release|Any CPU.ActiveCfg = Release|Any CPU
		{6002EAFE-6582-4411-BD23-524DA6D270EB}.Release|Any CPU.Build.0 = Release|Any CPU
	EndGlobalSection
	GlobalSection(SolutionProperties) = preSolution
		HideSolutionNode = FALSE
	EndGlobalSection
	GlobalSection(ExtensibilityGlobals) = postSolution
		SolutionGuid = {7234A453-526C-4FC3-9F18-D5A28ABE01B4}
	EndGlobalSection
EndGlobal
